
Microsoft Visual Studio Solution File, Format Version 12.00
# Visual Studio Version 17
VisualStudioVersion = 17.6.33829.357
MinimumVisualStudioVersion = 10.0.40219.1
Project("{9A19103F-16F7-4668-BE54-9A1E7A4F7556}") = "ProductRegistration", "ProductRegistration\ProductRegistration.csproj", "{C9273DAC-A9CF-4407-93F5-B088DBB3A4FB}"
EndProject
Global
	GlobalSection(SolutionConfigurationPlatforms) = preSolution
		Debug|Any CPU = Debug|Any CPU
		Release|Any CPU = Release|Any CPU
	EndGlobalSection
	GlobalSection(ProjectConfigurationPlatforms) = postSolution
		{C9273DAC-A9CF-4407-93F5-B088DBB3A4FB}.Debug|Any CPU.ActiveCfg = Debug|Any CPU
		{C9273DAC-A9CF-4407-93F5-B088DBB3A4FB}.Debug|Any CPU.Build.0 = Debug|Any CPU
		{C9273DAC-A9CF-4407-93F5-B088DBB3A4FB}.Release|Any CPU.ActiveCfg = Release|Any CPU
		{C9273DAC-A9CF-4407-93F5-B088DBB3A4FB}.Release|Any CPU.Build.0 = Release|Any CPU
	EndGlobalSection
	GlobalSection(SolutionProperties) = preSolution
		HideSolutionNode = FALSE
	EndGlobalSection
	GlobalSection(ExtensibilityGlobals) = postSolution
		SolutionGuid = {0DD0210B-73F5-4376-9498-446E9D45C75C}
	EndGlobalSection
EndGlobal
